{
  "projects": [
    {
      "projectId": "28Ba3BDvRe7EiWdfFNnLB6",
      "version": "2.0.1",
      "dependencies": {},
      "lang": "ts",
      "fileLocks": [
        {
          "assetId": "28Ba3BDvRe7EiWdfFNnLB6",
          "type": "projectCss",
          "checksum": "06dab28be1d7e0fe1dcd6bae7d78adeb"
        }
      ],
      "codegenVersion": "0.0.1"
    },
    {
      "projectId": "enk3K4vZ6pmH6kVCoZJXGn",
      "version": "3.0.2",
      "dependencies": {},
      "lang": "ts",
      "fileLocks": [
        {
          "assetId": "enk3K4vZ6pmH6kVCoZJXGn",
          "type": "projectCss",
          "checksum": "3e4a5a9396306e4c892e1d5dfd5675ac"
        }
      ],
      "codegenVersion": "0.0.1"
    },
    {
      "projectId": "sog8262LcebSfK4tonEqFh",
      "version": "latest",
      "dependencies": {
        "enk3K4vZ6pmH6kVCoZJXGn": "3.0.2",
        "28Ba3BDvRe7EiWdfFNnLB6": "2.0.1",
        "58GpZjZCWTaJ8AUhpCwt2K": "2.1.2"
      },
      "lang": "ts",
      "fileLocks": [
        {
          "type": "globalVariant",
          "assetId": "WYcoTSnfjowKK",
          "checksum": "ab5df75619d1881e90e7dd3fcb93e0a8"
        },
        {
          "type": "renderModule",
          "assetId": "SLoEy8U2Bb",
          "checksum": "10737a5a63e6d27066e070ed89c2c6ec"
        },
        {
          "type": "cssRules",
          "assetId": "SLoEy8U2Bb",
          "checksum": "10737a5a63e6d27066e070ed89c2c6ec"
        },
        {
          "type": "renderModule",
          "assetId": "Nxyr3sFmDS",
          "checksum": "0928f3510d73115211944c794e64328f"
        },
        {
          "type": "cssRules",
          "assetId": "Nxyr3sFmDS",
          "checksum": "0928f3510d73115211944c794e64328f"
        },
        {
          "type": "renderModule",
          "assetId": "XPfe-LECZQ",
          "checksum": "45ded0bacd33f509f73bc5218a95cb5d"
        },
        {
          "type": "cssRules",
          "assetId": "XPfe-LECZQ",
          "checksum": "45ded0bacd33f509f73bc5218a95cb5d"
        },
        {
          "type": "renderModule",
          "assetId": "SpJlpkBmbsK",
          "checksum": "c56a97a4839ff5f20b216bc8cd19d64d"
        },
        {
          "type": "cssRules",
          "assetId": "SpJlpkBmbsK",
          "checksum": "c56a97a4839ff5f20b216bc8cd19d64d"
        },
        {
          "type": "renderModule",
          "assetId": "2KszG0-KPy",
          "checksum": "e79dfb8534d6ecfb905ea78104f1e9aa"
        },
        {
          "type": "cssRules",
          "assetId": "2KszG0-KPy",
          "checksum": "e79dfb8534d6ecfb905ea78104f1e9aa"
        },
        {
          "type": "renderModule",
          "assetId": "F9ColP2Mm0",
          "checksum": "dc5836737de5937305b4721fd85b7e65"
        },
        {
          "type": "cssRules",
          "assetId": "F9ColP2Mm0",
          "checksum": "dc5836737de5937305b4721fd85b7e65"
        },
        {
          "type": "renderModule",
          "assetId": "RpE2xjMN4w",
          "checksum": "93ffa9f3a4561ab90190240f56f14018"
        },
        {
          "type": "cssRules",
          "assetId": "RpE2xjMN4w",
          "checksum": "93ffa9f3a4561ab90190240f56f14018"
        },
        {
          "type": "renderModule",
          "assetId": "8vP09OMQMX",
          "checksum": "f86b55e7915e88d80fdeb2520bbe7aa4"
        },
        {
          "type": "cssRules",
          "assetId": "8vP09OMQMX",
          "checksum": "f86b55e7915e88d80fdeb2520bbe7aa4"
        },
        {
          "type": "renderModule",
          "assetId": "Bq5HbP3pCG",
          "checksum": "c550476307d294ab776b7e8a63583738"
        },
        {
          "type": "cssRules",
          "assetId": "Bq5HbP3pCG",
          "checksum": "c550476307d294ab776b7e8a63583738"
        },
        {
          "type": "renderModule",
          "assetId": "OGBnjhx9vmv",
          "checksum": "b3d49e062938f3c048cb8a863770ecd0"
        },
        {
          "type": "cssRules",
          "assetId": "OGBnjhx9vmv",
          "checksum": "b3d49e062938f3c048cb8a863770ecd0"
        },
        {
          "type": "renderModule",
          "assetId": "wjbmsNY1FAt",
          "checksum": "1ea0f3402b277b597f5c9e31efbfa0e3"
        },
        {
          "type": "cssRules",
          "assetId": "wjbmsNY1FAt",
          "checksum": "1ea0f3402b277b597f5c9e31efbfa0e3"
        },
        {
          "type": "renderModule",
          "assetId": "6Y659n9eOk8",
          "checksum": "d088d44238af50b854413f77cb0e20f2"
        },
        {
          "type": "cssRules",
          "assetId": "6Y659n9eOk8",
          "checksum": "d088d44238af50b854413f77cb0e20f2"
        },
        {
          "type": "icon",
          "assetId": "NjYXABaFa1bn",
          "checksum": "0c7b6b3571931d40d9d64e6fa917f429"
        },
        {
          "type": "icon",
          "assetId": "U0-sNqDi-QKZ",
          "checksum": "ebb6dca4a9ef9c98ddce145ca76f646f"
        },
        {
          "type": "icon",
          "assetId": "sEF2z7Rc9kNs",
          "checksum": "0173f7d4dc64d82d806a1554d811d427"
        },
        {
          "type": "icon",
          "assetId": "dQluRjP3M4ze",
          "checksum": "eece3e21d5cef5db6b17b75c2cc62b19"
        },
        {
          "type": "icon",
          "assetId": "g1ioEUoyUBu",
          "checksum": "2d0e508cfd82128b37dcac53e05e8941"
        },
        {
          "type": "icon",
          "assetId": "UiMMPgDsW7t",
          "checksum": "021e9f97421156332bc5a4db3c64c4d0"
        },
        {
          "type": "image",
          "assetId": "zQPB1GOEh",
          "checksum": "8a2665a3fd99f086df7aab6ccf333545"
        },
        {
          "type": "image",
          "assetId": "wA2sTLnNN",
          "checksum": "856f4d49cfedaf7eda31f3d3fc4bf2a9"
        },
        {
          "type": "image",
          "assetId": "TGXbDWDyS",
          "checksum": "eeaa62af0c46268528e7065c0282e3b1"
        },
        {
          "type": "image",
          "assetId": "mOftE8ylC",
          "checksum": "f6d55e788f3f26f5fc66bbf9bd79e216"
        },
        {
          "type": "image",
          "assetId": "i0RG1O7rz",
          "checksum": "adc78172562ad4eba8d2754f58865b99"
        },
        {
          "type": "image",
          "assetId": "ehks7yLC6",
          "checksum": "e7cb7dea7dcd7ccaeab1f22f804f757e"
        },
        {
          "type": "image",
          "assetId": "rbuKawWeI",
          "checksum": "83bc83d643a6e633398800027a749232"
        },
        {
          "type": "image",
          "assetId": "82316Dsm2",
          "checksum": "0d761121c3cb56fa0a925710d32b632f"
        },
        {
          "type": "image",
          "assetId": "gjCLURD-Q",
          "checksum": "f4c8d66b75a0381ac864c9373404cfef"
        },
        {
          "type": "image",
          "assetId": "XIp3qUBt-",
          "checksum": "5533f4f14dff7c6d6100afef54f0410e"
        },
        {
          "type": "image",
          "assetId": "8aDxXR-Wr",
          "checksum": "507944d75c6bca3a06e5f88a2b5b212f"
        },
        {
          "type": "image",
          "assetId": "bkMeyNaMM",
          "checksum": "aadd962cc121c5e7bd4b04d9cc696426"
        },
        {
          "type": "image",
          "assetId": "TtPcHJK_h",
          "checksum": "a9daa9a51c673e659892e20af6b4290d"
        },
        {
          "type": "image",
          "assetId": "WUKUochBo",
          "checksum": "a8ab13b38f4c9e0b89b9a36266f5326b"
        },
        {
          "type": "image",
          "assetId": "EKa5DIYqw",
          "checksum": "8299fac6a22ac29ef7b5dc161b2e8a1d"
        },
        {
          "type": "image",
          "assetId": "jrhrO2K-L",
          "checksum": "3ce4c71dabe9dba50ee4af34398d6153"
        },
        {
          "type": "image",
          "assetId": "9sefRicQV",
          "checksum": "827feb1321d67b49272d5bb8315fba53"
        },
        {
          "type": "image",
          "assetId": "I2GzKvFRt",
          "checksum": "0ec77e2c6bffcc30acc12e0b5dcebef1"
        },
        {
          "type": "image",
          "assetId": "p4E9eRCB3",
          "checksum": "bb8519ce4892aec28e8d7267f85b1ecd"
        },
        {
          "type": "image",
          "assetId": "DnOOFTVYz",
          "checksum": "2980f3ed103f01a877494f511fcd2880"
        },
        {
          "type": "image",
          "assetId": "WlFv6vja4",
          "checksum": "1f0432aa0cb29d379280841d57b35d47"
        },
        {
          "type": "image",
          "assetId": "yxKPle4Rm",
          "checksum": "d657e107f999e8857c4b8a20b409c89d"
        },
        {
          "type": "image",
          "assetId": "ZWey5JxZN",
          "checksum": "4db1b45302d63b92b7d9312d52c4deb0"
        },
        {
          "type": "renderModule",
          "assetId": "weQUZvpaVUY",
          "checksum": "e2a2b08535fa0a96cfd1a46358c2e597"
        },
        {
          "type": "cssRules",
          "assetId": "weQUZvpaVUY",
          "checksum": "e2a2b08535fa0a96cfd1a46358c2e597"
        },
        {
          "type": "renderModule",
          "assetId": "R2bezIVKDQK",
          "checksum": "dbcde724d3b856e1c7c385838d0feb54"
        },
        {
          "type": "cssRules",
          "assetId": "R2bezIVKDQK",
          "checksum": "dbcde724d3b856e1c7c385838d0feb54"
        },
        {
          "type": "renderModule",
          "assetId": "7EPh6ElWir",
          "checksum": "30483e34120d38d57b63210bfeecb024"
        },
        {
          "type": "cssRules",
          "assetId": "7EPh6ElWir",
          "checksum": "30483e34120d38d57b63210bfeecb024"
        },
        {
          "type": "icon",
          "assetId": "ZESEyCvNNgr",
          "checksum": "d398d99d3db38a0d149eb0a92abe4089"
        },
        {
          "type": "icon",
          "assetId": "dHR8P_oECdO",
          "checksum": "100b94fbc618851cf42510126571de96"
        },
        {
          "type": "icon",
          "assetId": "FaeHllVbbyl",
          "checksum": "660dfc9953f872351948c79d3a64e530"
        },
        {
          "type": "icon",
          "assetId": "3XRP6YsMa",
          "checksum": "c65ff90598ef5a44a149477d0b3aea78"
        },
        {
          "type": "image",
          "assetId": "HV6WkYj22z",
          "checksum": "decc5a628a54a5731f86dc8f1dc8a8c4"
        },
        {
          "type": "image",
          "assetId": "C-rJkmcIxQ",
          "checksum": "0f4c0f9a9c8f43049d7e14a31a92dd65"
        },
        {
          "type": "renderModule",
          "assetId": "vzKKhohT3V",
          "checksum": "a3ff2fedd04f0314266c0979a38a1a38"
        },
        {
          "type": "cssRules",
          "assetId": "vzKKhohT3V",
          "checksum": "a3ff2fedd04f0314266c0979a38a1a38"
        },
        {
          "type": "icon",
          "assetId": "LPB3-ORsE",
          "checksum": "21a43f79166e2f08d890c95bec9264ad"
        },
        {
          "type": "icon",
          "assetId": "XveKaqTHr",
          "checksum": "1b1205fb66613ea319ebc23cf4256403"
        },
        {
          "type": "icon",
          "assetId": "6HtaoiiQa",
          "checksum": "f49017265ad1c6664af3a3c5d810208f"
        },
        {
          "type": "icon",
          "assetId": "f7T7BOUV_",
          "checksum": "7aeef06a5a3b961bcb01ff4866d99e61"
        },
        {
          "type": "icon",
          "assetId": "IoHdNrROb",
          "checksum": "797d1a95065084906dc35a7b8d849ccf"
        },
        {
          "type": "icon",
          "assetId": "OlWsaiaXf",
          "checksum": "d4a5807625064350e8f067a466bf1b0d"
        },
        {
          "type": "image",
          "assetId": "yzB2j-TED",
          "checksum": "b33aaeab5d164d2df27ae6d39b85132c"
        },
        {
          "type": "image",
          "assetId": "FNdq8Lf5X",
          "checksum": "064f9b5409ec8195107731a039df6d2a"
        },
        {
          "type": "image",
          "assetId": "SfqjoOmwX",
          "checksum": "ec177a0e31699575d133d24164a38d4a"
        },
        {
          "type": "renderModule",
          "assetId": "yADmOGOzIX",
          "checksum": "1811a79f16ad439c0ff48e63e38830f8"
        },
        {
          "type": "cssRules",
          "assetId": "yADmOGOzIX",
          "checksum": "1811a79f16ad439c0ff48e63e38830f8"
        },
        {
          "type": "renderModule",
          "assetId": "e31R0xHdqa",
          "checksum": "5c8d5bdf94f7cc4f3286be4c044c25b8"
        },
        {
          "type": "cssRules",
          "assetId": "e31R0xHdqa",
          "checksum": "5c8d5bdf94f7cc4f3286be4c044c25b8"
        },
        {
          "type": "renderModule",
          "assetId": "HboA_9fv9kn",
          "checksum": "2647965b992131a277265e5698cf785b"
        },
        {
          "type": "cssRules",
          "assetId": "HboA_9fv9kn",
          "checksum": "2647965b992131a277265e5698cf785b"
        },
        {
          "type": "icon",
          "assetId": "FI8EfdS2o",
          "checksum": "2611e24809ff1fcba15163924b2d2dc9"
        },
        {
          "type": "icon",
          "assetId": "cSV9Bou7mox",
          "checksum": "cf1d40c45d3a9c3e9947223679e5aa60"
        },
        {
          "type": "image",
          "assetId": "8zXmY81Fx",
          "checksum": "a01c00f6ebc16764ae5a6ba315b1ace2"
        },
        {
          "type": "image",
          "assetId": "bPHU_9iSz",
          "checksum": "94ab83e9c4b0ea6c15501d673457bafb"
        },
        {
          "assetId": "sog8262LcebSfK4tonEqFh",
          "type": "projectCss",
          "checksum": "b3e47fd9dff1d0dbe612ab4aabb09df9"
        },
        {
          "type": "image",
          "assetId": "zoIfdlDLr",
          "checksum": "ebf54d580c6b15e5e412c5cd8f9e80f0"
        }
      ],
      "codegenVersion": "0.0.1"
    },
    {
      "projectId": "58GpZjZCWTaJ8AUhpCwt2K",
      "version": "2.1.2",
      "dependencies": {},
      "lang": "ts",
      "fileLocks": [
        {
          "assetId": "58GpZjZCWTaJ8AUhpCwt2K",
          "type": "projectCss",
          "checksum": "b9208ebde07664c511843b91e5845954"
        }
      ],
      "codegenVersion": "0.0.1"
    }
  ],
  "cliVersion": "0.1.176"
}
