{
  "projects": [
    {
      "projectId": "28Ba3BDvRe7EiWdfFNnLB6",
      "version": "2.0.1",
      "dependencies": {},
      "lang": "ts",
      "fileLocks": [
        {
          "assetId": "28Ba3BDvRe7EiWdfFNnLB6",
          "type": "projectCss",
          "checksum": "06dab28be1d7e0fe1dcd6bae7d78adeb"
        }
      ],
      "codegenVersion": "0.0.1"
    },
    {
      "projectId": "enk3K4vZ6pmH6kVCoZJXGn",
      "version": "3.0.2",
      "dependencies": {},
      "lang": "ts",
      "fileLocks": [
        {
          "assetId": "enk3K4vZ6pmH6kVCoZJXGn",
          "type": "projectCss",
          "checksum": "3e4a5a9396306e4c892e1d5dfd5675ac"
        }
      ],
      "codegenVersion": "0.0.1"
    },
    {
      "projectId": "sog8262LcebSfK4tonEqFh",
      "version": "latest",
      "dependencies": {
        "enk3K4vZ6pmH6kVCoZJXGn": "3.0.2",
        "28Ba3BDvRe7EiWdfFNnLB6": "2.0.1"
      },
      "lang": "ts",
      "fileLocks": [
        {
          "type": "globalVariant",
          "assetId": "WYcoTSnfjowKK",
          "checksum": "ab5df75619d1881e90e7dd3fcb93e0a8"
        },
        {
          "assetId": "sog8262LcebSfK4tonEqFh",
          "type": "projectCss",
          "checksum": "b3e47fd9dff1d0dbe612ab4aabb09df9"
        },
        {
          "type": "renderModule",
          "assetId": "SLoEy8U2Bb",
          "checksum": "14606ed9a8b7ccb806f170d6dd1786c1"
        },
        {
          "type": "cssRules",
          "assetId": "SLoEy8U2Bb",
          "checksum": "14606ed9a8b7ccb806f170d6dd1786c1"
        },
        {
          "type": "renderModule",
          "assetId": "Nxyr3sFmDS",
          "checksum": "d312fd5ba8ec185db591db0d1a1a77d5"
        },
        {
          "type": "cssRules",
          "assetId": "Nxyr3sFmDS",
          "checksum": "d312fd5ba8ec185db591db0d1a1a77d5"
        },
        {
          "type": "renderModule",
          "assetId": "XPfe-LECZQ",
          "checksum": "3cccc0fd4e7d94dc3f0d710ea3eeb046"
        },
        {
          "type": "cssRules",
          "assetId": "XPfe-LECZQ",
          "checksum": "3cccc0fd4e7d94dc3f0d710ea3eeb046"
        },
        {
          "type": "renderModule",
          "assetId": "SpJlpkBmbsK",
          "checksum": "29b94c81cead9755b4dd07f24cba3a38"
        },
        {
          "type": "cssRules",
          "assetId": "SpJlpkBmbsK",
          "checksum": "29b94c81cead9755b4dd07f24cba3a38"
        },
        {
          "type": "renderModule",
          "assetId": "2KszG0-KPy",
          "checksum": "6ab09d751fc8a478e5d799c18f68a97e"
        },
        {
          "type": "cssRules",
          "assetId": "2KszG0-KPy",
          "checksum": "6ab09d751fc8a478e5d799c18f68a97e"
        },
        {
          "type": "renderModule",
          "assetId": "F9ColP2Mm0",
          "checksum": "50bc1cafb85c0961ce811716b6a66154"
        },
        {
          "type": "cssRules",
          "assetId": "F9ColP2Mm0",
          "checksum": "50bc1cafb85c0961ce811716b6a66154"
        },
        {
          "type": "renderModule",
          "assetId": "RpE2xjMN4w",
          "checksum": "6bf70f17855c7818fad08d7f5f80c46d"
        },
        {
          "type": "cssRules",
          "assetId": "RpE2xjMN4w",
          "checksum": "6bf70f17855c7818fad08d7f5f80c46d"
        },
        {
          "type": "renderModule",
          "assetId": "8vP09OMQMX",
          "checksum": "984f7a6de6f4e25c316860e4a9a97d7a"
        },
        {
          "type": "cssRules",
          "assetId": "8vP09OMQMX",
          "checksum": "984f7a6de6f4e25c316860e4a9a97d7a"
        },
        {
          "type": "renderModule",
          "assetId": "Bq5HbP3pCG",
          "checksum": "f2f8c51cc29404c4730847659d9c7211"
        },
        {
          "type": "cssRules",
          "assetId": "Bq5HbP3pCG",
          "checksum": "f2f8c51cc29404c4730847659d9c7211"
        },
        {
          "type": "renderModule",
          "assetId": "OGBnjhx9vmv",
          "checksum": "2220ef3e77c55113901f01cf6c3f220d"
        },
        {
          "type": "cssRules",
          "assetId": "OGBnjhx9vmv",
          "checksum": "2220ef3e77c55113901f01cf6c3f220d"
        },
        {
          "type": "renderModule",
          "assetId": "wjbmsNY1FAt",
          "checksum": "ea4948a3b32a6fb3d4ace03b3bf77f25"
        },
        {
          "type": "cssRules",
          "assetId": "wjbmsNY1FAt",
          "checksum": "ea4948a3b32a6fb3d4ace03b3bf77f25"
        },
        {
          "type": "renderModule",
          "assetId": "6Y659n9eOk8",
          "checksum": "499c312d23f4a7914c9265d02c42ec39"
        },
        {
          "type": "cssRules",
          "assetId": "6Y659n9eOk8",
          "checksum": "499c312d23f4a7914c9265d02c42ec39"
        },
        {
          "type": "icon",
          "assetId": "NjYXABaFa1bn",
          "checksum": "0c7b6b3571931d40d9d64e6fa917f429"
        },
        {
          "type": "icon",
          "assetId": "U0-sNqDi-QKZ",
          "checksum": "ebb6dca4a9ef9c98ddce145ca76f646f"
        },
        {
          "type": "icon",
          "assetId": "sEF2z7Rc9kNs",
          "checksum": "0173f7d4dc64d82d806a1554d811d427"
        },
        {
          "type": "icon",
          "assetId": "dQluRjP3M4ze",
          "checksum": "eece3e21d5cef5db6b17b75c2cc62b19"
        },
        {
          "type": "icon",
          "assetId": "g1ioEUoyUBu",
          "checksum": "2d0e508cfd82128b37dcac53e05e8941"
        },
        {
          "type": "icon",
          "assetId": "UiMMPgDsW7t",
          "checksum": "021e9f97421156332bc5a4db3c64c4d0"
        },
        {
          "type": "image",
          "assetId": "GdPnjq64YwQ0",
          "checksum": "517aa14943cd0bbc8af28ddb343a6e08"
        },
        {
          "type": "image",
          "assetId": "1RZ8SFXXyjYW",
          "checksum": "bb0daac0f88a73542c9eff86af034de0"
        },
        {
          "type": "image",
          "assetId": "zQPB1GOEh",
          "checksum": "8a2665a3fd99f086df7aab6ccf333545"
        },
        {
          "type": "image",
          "assetId": "wA2sTLnNN",
          "checksum": "856f4d49cfedaf7eda31f3d3fc4bf2a9"
        },
        {
          "type": "image",
          "assetId": "TGXbDWDyS",
          "checksum": "eeaa62af0c46268528e7065c0282e3b1"
        },
        {
          "type": "image",
          "assetId": "mOftE8ylC",
          "checksum": "f6d55e788f3f26f5fc66bbf9bd79e216"
        },
        {
          "type": "image",
          "assetId": "i0RG1O7rz",
          "checksum": "adc78172562ad4eba8d2754f58865b99"
        },
        {
          "type": "image",
          "assetId": "ehks7yLC6",
          "checksum": "e7cb7dea7dcd7ccaeab1f22f804f757e"
        },
        {
          "type": "image",
          "assetId": "rbuKawWeI",
          "checksum": "83bc83d643a6e633398800027a749232"
        },
        {
          "type": "image",
          "assetId": "82316Dsm2",
          "checksum": "0d761121c3cb56fa0a925710d32b632f"
        },
        {
          "type": "image",
          "assetId": "gjCLURD-Q",
          "checksum": "f4c8d66b75a0381ac864c9373404cfef"
        },
        {
          "type": "image",
          "assetId": "XIp3qUBt-",
          "checksum": "5533f4f14dff7c6d6100afef54f0410e"
        },
        {
          "type": "image",
          "assetId": "8aDxXR-Wr",
          "checksum": "507944d75c6bca3a06e5f88a2b5b212f"
        },
        {
          "type": "image",
          "assetId": "bkMeyNaMM",
          "checksum": "aadd962cc121c5e7bd4b04d9cc696426"
        },
        {
          "type": "image",
          "assetId": "TtPcHJK_h",
          "checksum": "a9daa9a51c673e659892e20af6b4290d"
        },
        {
          "type": "image",
          "assetId": "WUKUochBo",
          "checksum": "a8ab13b38f4c9e0b89b9a36266f5326b"
        },
        {
          "type": "image",
          "assetId": "EKa5DIYqw",
          "checksum": "8299fac6a22ac29ef7b5dc161b2e8a1d"
        },
        {
          "type": "image",
          "assetId": "jrhrO2K-L",
          "checksum": "3ce4c71dabe9dba50ee4af34398d6153"
        },
        {
          "type": "image",
          "assetId": "9sefRicQV",
          "checksum": "827feb1321d67b49272d5bb8315fba53"
        },
        {
          "type": "image",
          "assetId": "I2GzKvFRt",
          "checksum": "0ec77e2c6bffcc30acc12e0b5dcebef1"
        },
        {
          "type": "image",
          "assetId": "p4E9eRCB3",
          "checksum": "bb8519ce4892aec28e8d7267f85b1ecd"
        },
        {
          "type": "image",
          "assetId": "DnOOFTVYz",
          "checksum": "2980f3ed103f01a877494f511fcd2880"
        },
        {
          "type": "image",
          "assetId": "WlFv6vja4",
          "checksum": "1f0432aa0cb29d379280841d57b35d47"
        },
        {
          "type": "image",
          "assetId": "yxKPle4Rm",
          "checksum": "d657e107f999e8857c4b8a20b409c89d"
        },
        {
          "type": "image",
          "assetId": "ZWey5JxZN",
          "checksum": "4db1b45302d63b92b7d9312d52c4deb0"
        }
      ],
      "codegenVersion": "0.0.1"
    }
  ],
  "cliVersion": "0.1.176"
}
